
Microsoft Visual Studio Solution File, Format Version 12.00
# Visual Studio Version 16
VisualStudioVersion = 16.0.29519.87
MinimumVisualStudioVersion = 10.0.40219.1
Project("{FAE04EC0-301F-11D3-BF4B-00C04F79EFBC}") = "BilWebAPI", "BilWebAPI.csproj", "{2E1DB55C-7F00-40CF-92B4-128462EECC07}"
EndProject
Project("{FAE04EC0-301F-11D3-BF4B-00C04F79EFBC}") = "BilWebAPI.Tests", "..\BilWebAPI.Tests\BilWebAPI.Tests.csproj", "{CFF2D107-9633-4AD7-A4F4-841818A0D67E}"
EndProject
Global
	GlobalSection(SolutionConfigurationPlatforms) = preSolution
		Debug|Any CPU = Debug|Any CPU
		Release|Any CPU = Release|Any CPU
	EndGlobalSection
	GlobalSection(ProjectConfigurationPlatforms) = postSolution
		{2E1DB55C-7F00-40CF-92B4-128462EECC07}.Debug|Any CPU.ActiveCfg = Debug|Any CPU
		{2E1DB55C-7F00-40CF-92B4-128462EECC07}.Debug|Any CPU.Build.0 = Debug|Any CPU
		{2E1DB55C-7F00-40CF-92B4-128462EECC07}.Release|Any CPU.ActiveCfg = Release|Any CPU
		{2E1DB55C-7F00-40CF-92B4-128462EECC07}.Release|Any CPU.Build.0 = Release|Any CPU
		{CFF2D107-9633-4AD7-A4F4-841818A0D67E}.Debug|Any CPU.ActiveCfg = Debug|Any CPU
		{CFF2D107-9633-4AD7-A4F4-841818A0D67E}.Debug|Any CPU.Build.0 = Debug|Any CPU
		{CFF2D107-9633-4AD7-A4F4-841818A0D67E}.Release|Any CPU.ActiveCfg = Release|Any CPU
		{CFF2D107-9633-4AD7-A4F4-841818A0D67E}.Release|Any CPU.Build.0 = Release|Any CPU
	EndGlobalSection
	GlobalSection(SolutionProperties) = preSolution
		HideSolutionNode = FALSE
	EndGlobalSection
	GlobalSection(ExtensibilityGlobals) = postSolution
		SolutionGuid = {64D691AD-A3E8-4D80-B75B-E1191FA95E4B}
	EndGlobalSection
EndGlobal
